
Microsoft Visual Studio Solution File, Format Version 12.00
# Visual Studio 15
VisualStudioVersion = 15.0.27428.2015
MinimumVisualStudioVersion = 10.0.40219.1
Project("{FAE04EC0-301F-11D3-BF4B-00C04F79EFBC}") = "01. Introduction", "01. Introduction\01. Introduction.csproj", "{C5A92740-391C-4CB2-AF43-470E5D29E04E}"
EndProject
Project("{FAE04EC0-301F-11D3-BF4B-00C04F79EFBC}") = "02. MultipleExceptions", "02. MultipleExceptions\02. MultipleExceptions.csproj", "{1F990D52-CC8B-4FF7-AFB5-016722A4DD3A}"
EndProject
Project("{FAE04EC0-301F-11D3-BF4B-00C04F79EFBC}") = "03. TryCatchFinally", "03. TryCatchFinally\03. TryCatchFinally.csproj", "{79C0361B-C4C1-4873-95A8-AAD137E46FAB}"
EndProject
Global
	GlobalSection(SolutionConfigurationPlatforms) = preSolution
		Debug|Any CPU = Debug|Any CPU
		Release|Any CPU = Release|Any CPU
	EndGlobalSection
	GlobalSection(ProjectConfigurationPlatforms) = postSolution
		{C5A92740-391C-4CB2-AF43-470E5D29E04E}.Debug|Any CPU.ActiveCfg = Debug|Any CPU
		{C5A92740-391C-4CB2-AF43-470E5D29E04E}.Debug|Any CPU.Build.0 = Debug|Any CPU
		{C5A92740-391C-4CB2-AF43-470E5D29E04E}.Release|Any CPU.ActiveCfg = Release|Any CPU
		{C5A92740-391C-4CB2-AF43-470E5D29E04E}.Release|Any CPU.Build.0 = Release|Any CPU
		{1F990D52-CC8B-4FF7-AFB5-016722A4DD3A}.Debug|Any CPU.ActiveCfg = Debug|Any CPU
		{1F990D52-CC8B-4FF7-AFB5-016722A4DD3A}.Debug|Any CPU.Build.0 = Debug|Any CPU
		{1F990D52-CC8B-4FF7-AFB5-016722A4DD3A}.Release|Any CPU.ActiveCfg = Release|Any CPU
		{1F990D52-CC8B-4FF7-AFB5-016722A4DD3A}.Release|Any CPU.Build.0 = Release|Any CPU
		{79C0361B-C4C1-4873-95A8-AAD137E46FAB}.Debug|Any CPU.ActiveCfg = Debug|Any CPU
		{79C0361B-C4C1-4873-95A8-AAD137E46FAB}.Debug|Any CPU.Build.0 = Debug|Any CPU
		{79C0361B-C4C1-4873-95A8-AAD137E46FAB}.Release|Any CPU.ActiveCfg = Release|Any CPU
		{79C0361B-C4C1-4873-95A8-AAD137E46FAB}.Release|Any CPU.Build.0 = Release|Any CPU
	EndGlobalSection
	GlobalSection(SolutionProperties) = preSolution
		HideSolutionNode = FALSE
	EndGlobalSection
	GlobalSection(ExtensibilityGlobals) = postSolution
		SolutionGuid = {EEDCE1D5-0E7C-48C7-8A35-F909C0B821CD}
	EndGlobalSection
EndGlobal
